
Microsoft Visual Studio Solution File, Format Version 12.00
# Visual Studio Version 16
VisualStudioVersion = 16.0.31605.320
MinimumVisualStudioVersion = 10.0.40219.1
Project("{FAE04EC0-301F-11D3-BF4B-00C04F79EFBC}") = "Brightway", "Brightway.csproj", "{AAFFB269-ECB6-4995-93C7-952D161C01C0}"
EndProject
Global
	GlobalSection(SolutionConfigurationPlatforms) = preSolution
		Debug|Any CPU = Debug|Any CPU
		Release|Any CPU = Release|Any CPU
	EndGlobalSection
	GlobalSection(ProjectConfigurationPlatforms) = postSolution
		{AAFFB269-ECB6-4995-93C7-952D161C01C0}.Debug|Any CPU.ActiveCfg = Debug|Any CPU
		{AAFFB269-ECB6-4995-93C7-952D161C01C0}.Debug|Any CPU.Build.0 = Debug|Any CPU
		{AAFFB269-ECB6-4995-93C7-952D161C01C0}.Release|Any CPU.ActiveCfg = Release|Any CPU
		{AAFFB269-ECB6-4995-93C7-952D161C01C0}.Release|Any CPU.Build.0 = Release|Any CPU
	EndGlobalSection
	GlobalSection(SolutionProperties) = preSolution
		HideSolutionNode = FALSE
	EndGlobalSection
	GlobalSection(ExtensibilityGlobals) = postSolution
		SolutionGuid = {B21BED84-6986-4265-87C6-5E14456989FE}
	EndGlobalSection
EndGlobal
